
Microsoft Visual Studio Solution File, Format Version 12.00
# Visual Studio 15
VisualStudioVersion = 15.0.27703.2000
MinimumVisualStudioVersion = 10.0.40219.1
Project("{FAE04EC0-301F-11D3-BF4B-00C04F79EFBC}") = "Lab2", "Lab2\Lab2.csproj", "{EA4B51A0-C4F4-424D-AA05-A3884AA7BC8E}"
EndProject
Global
	GlobalSection(SolutionConfigurationPlatforms) = preSolution
		Debug|Any CPU = Debug|Any CPU
		Release|Any CPU = Release|Any CPU
	EndGlobalSection
	GlobalSection(ProjectConfigurationPlatforms) = postSolution
		{EA4B51A0-C4F4-424D-AA05-A3884AA7BC8E}.Debug|Any CPU.ActiveCfg = Debug|Any CPU
		{EA4B51A0-C4F4-424D-AA05-A3884AA7BC8E}.Debug|Any CPU.Build.0 = Debug|Any CPU
		{EA4B51A0-C4F4-424D-AA05-A3884AA7BC8E}.Release|Any CPU.ActiveCfg = Release|Any CPU
		{EA4B51A0-C4F4-424D-AA05-A3884AA7BC8E}.Release|Any CPU.Build.0 = Release|Any CPU
	EndGlobalSection
	GlobalSection(SolutionProperties) = preSolution
		HideSolutionNode = FALSE
	EndGlobalSection
	GlobalSection(ExtensibilityGlobals) = postSolution
		SolutionGuid = {37A8F9F8-B997-4A9D-8A9A-F94317EBB5AA}
	EndGlobalSection
EndGlobal
